
Microsoft Visual Studio Solution File, Format Version 12.00
# Visual Studio Version 16
VisualStudioVersion = 16.0.33130.400
MinimumVisualStudioVersion = 10.0.40219.1
Project("{FAE04EC0-301F-11D3-BF4B-00C04F79EFBC}") = "BlazorTodo", "BlazorTodo\BlazorTodo.csproj", "{6F7BFA63-C73B-415E-B476-5722EA5D4E52}"
EndProject
Global
	GlobalSection(SolutionConfigurationPlatforms) = preSolution
		Debug|Any CPU = Debug|Any CPU
		Release|Any CPU = Release|Any CPU
	EndGlobalSection
	GlobalSection(ProjectConfigurationPlatforms) = postSolution
		{6F7BFA63-C73B-415E-B476-5722EA5D4E52}.Debug|Any CPU.ActiveCfg = Debug|Any CPU
		{6F7BFA63-C73B-415E-B476-5722EA5D4E52}.Debug|Any CPU.Build.0 = Debug|Any CPU
		{6F7BFA63-C73B-415E-B476-5722EA5D4E52}.Release|Any CPU.ActiveCfg = Release|Any CPU
		{6F7BFA63-C73B-415E-B476-5722EA5D4E52}.Release|Any CPU.Build.0 = Release|Any CPU
	EndGlobalSection
	GlobalSection(SolutionProperties) = preSolution
		HideSolutionNode = FALSE
	EndGlobalSection
	GlobalSection(ExtensibilityGlobals) = postSolution
		SolutionGuid = {8D3A10C9-0575-439C-B372-588D878BB1D0}
	EndGlobalSection
EndGlobal
